# This file is automatically @generated by Cargo.
# It is not intended for manual editing.
version = 4

[[package]]
name = "xiaomu-codec-markdown"
version = "0.1.0"
dependencies = [
 "xiaomu-core",
]

[[package]]
name = "xiaomu-core"
version = "0.1.0"

[[package]]
name = "xiaomu-editor-harness"
version = "0.1.0"
dependencies = [
 "xiaomu-core",
 "xiaomu-gpui",
 "xiaomu-runtime",
]

[[package]]
name = "xiaomu-gpui"
version = "0.1.0"
dependencies = [
 "xiaomu-core",
 "xiaomu-runtime",
]

[[package]]
name = "xiaomu-runtime"
version = "0.1.0"
dependencies = [
 "xiaomu-core",
]

[[package]]
name = "xiaomu-testkit"
version = "0.1.0"
dependencies = [
 "xiaomu-core",
]
